// !$*UTF8*$!
{
	archiveVersion = 1;
	classes = {
	};
	objectVersion = 56;
	objects = {

/* Begin PBXBuildFile section */
		0780BC162962DFF10064531F /* RMService.swift in Sources */ = {isa = PBXBuildFile; fileRef = 0780BC152962DFF10064531F /* RMService.swift */; };
		0780BC182962E0F10064531F /* RMRequest.swift in Sources */ = {isa = PBXBuildFile; fileRef = 0780BC172962E0F10064531F /* RMRequest.swift */; };
		0780BC1A2962F1BE0064531F /* RMEndpoint.swift in Sources */ = {isa = PBXBuildFile; fileRef = 0780BC192962F1BD0064531F /* RMEndpoint.swift */; };
		0780BC1C2963EBEB0064531F /* RMOrigin.swift in Sources */ = {isa = PBXBuildFile; fileRef = 0780BC1B2963EBEB0064531F /* RMOrigin.swift */; };
		0780BC1E2963ED360064531F /* RMSingleLocation.swift in Sources */ = {isa = PBXBuildFile; fileRef = 0780BC1D2963ED360064531F /* RMSingleLocation.swift */; };
		0780BC222963F1590064531F /* RMCharacterStatus.swift in Sources */ = {isa = PBXBuildFile; fileRef = 0780BC212963F1590064531F /* RMCharacterStatus.swift */; };
		0780BC242963F20C0064531F /* RMCharacterGender.swift in Sources */ = {isa = PBXBuildFile; fileRef = 0780BC232963F20C0064531F /* RMCharacterGender.swift */; };
		0795B46A296160E2004D6625 /* AppDelegate.swift in Sources */ = {isa = PBXBuildFile; fileRef = 0795B469296160E2004D6625 /* AppDelegate.swift */; };
		0795B46C296160E2004D6625 /* SceneDelegate.swift in Sources */ = {isa = PBXBuildFile; fileRef = 0795B46B296160E2004D6625 /* SceneDelegate.swift */; };
		0795B46E296160E2004D6625 /* RMTabBarController.swift in Sources */ = {isa = PBXBuildFile; fileRef = 0795B46D296160E2004D6625 /* RMTabBarController.swift */; };
		0795B473296160E9004D6625 /* Assets.xcassets in Resources */ = {isa = PBXBuildFile; fileRef = 0795B472296160E9004D6625 /* Assets.xcassets */; };
		0795B476296160E9004D6625 /* LaunchScreen.storyboard in Resources */ = {isa = PBXBuildFile; fileRef = 0795B474296160E9004D6625 /* LaunchScreen.storyboard */; };
		0795B48529616CBC004D6625 /* RMLocation.swift in Sources */ = {isa = PBXBuildFile; fileRef = 0795B48429616CBC004D6625 /* RMLocation.swift */; };
		0795B48829616D01004D6625 /* RMCharacter.swift in Sources */ = {isa = PBXBuildFile; fileRef = 0795B48729616D01004D6625 /* RMCharacter.swift */; };
		0795B48A29616D13004D6625 /* RMEpisode.swift in Sources */ = {isa = PBXBuildFile; fileRef = 0795B48929616D13004D6625 /* RMEpisode.swift */; };
		0795B48D29616FA4004D6625 /* RMCharacterViewController.swift in Sources */ = {isa = PBXBuildFile; fileRef = 0795B48C29616FA4004D6625 /* RMCharacterViewController.swift */; };
		0795B48F29616FC1004D6625 /* RMLocationViewController.swift in Sources */ = {isa = PBXBuildFile; fileRef = 0795B48E29616FC1004D6625 /* RMLocationViewController.swift */; };
		0795B49129616FE3004D6625 /* RMEpisodeViewController.swift in Sources */ = {isa = PBXBuildFile; fileRef = 0795B49029616FE3004D6625 /* RMEpisodeViewController.swift */; };
		0795B4932961701D004D6625 /* RMSettingsViewController.swift in Sources */ = {isa = PBXBuildFile; fileRef = 0795B4922961701D004D6625 /* RMSettingsViewController.swift */; };
/* End PBXBuildFile section */

/* Begin PBXFileReference section */
		0780BC152962DFF10064531F /* RMService.swift */ = {isa = PBXFileReference; lastKnownFileType = sourcecode.swift; path = RMService.swift; sourceTree = "<group>"; };
		0780BC172962E0F10064531F /* RMRequest.swift */ = {isa = PBXFileReference; lastKnownFileType = sourcecode.swift; path = RMRequest.swift; sourceTree = "<group>"; };
		0780BC192962F1BD0064531F /* RMEndpoint.swift */ = {isa = PBXFileReference; lastKnownFileType = sourcecode.swift; path = RMEndpoint.swift; sourceTree = "<group>"; };
		0780BC1B2963EBEB0064531F /* RMOrigin.swift */ = {isa = PBXFileReference; lastKnownFileType = sourcecode.swift; path = RMOrigin.swift; sourceTree = "<group>"; };
		0780BC1D2963ED360064531F /* RMSingleLocation.swift */ = {isa = PBXFileReference; lastKnownFileType = sourcecode.swift; path = RMSingleLocation.swift; sourceTree = "<group>"; };
		0780BC212963F1590064531F /* RMCharacterStatus.swift */ = {isa = PBXFileReference; lastKnownFileType = sourcecode.swift; path = RMCharacterStatus.swift; sourceTree = "<group>"; };
		0780BC232963F20C0064531F /* RMCharacterGender.swift */ = {isa = PBXFileReference; lastKnownFileType = sourcecode.swift; path = RMCharacterGender.swift; sourceTree = "<group>"; };
		0795B466296160E2004D6625 /* RickAndMorty.app */ = {isa = PBXFileReference; explicitFileType = wrapper.application; includeInIndex = 0; path = RickAndMorty.app; sourceTree = BUILT_PRODUCTS_DIR; };
		0795B469296160E2004D6625 /* AppDelegate.swift */ = {isa = PBXFileReference; lastKnownFileType = sourcecode.swift; path = AppDelegate.swift; sourceTree = "<group>"; };
		0795B46B296160E2004D6625 /* SceneDelegate.swift */ = {isa = PBXFileReference; lastKnownFileType = sourcecode.swift; path = SceneDelegate.swift; sourceTree = "<group>"; };
		0795B46D296160E2004D6625 /* RMTabBarController.swift */ = {isa = PBXFileReference; lastKnownFileType = sourcecode.swift; path = RMTabBarController.swift; sourceTree = "<group>"; };
		0795B472296160E9004D6625 /* Assets.xcassets */ = {isa = PBXFileReference; lastKnownFileType = folder.assetcatalog; path = Assets.xcassets; sourceTree = "<group>"; };
		0795B475296160E9004D6625 /* Base */ = {isa = PBXFileReference; lastKnownFileType = file.storyboard; name = Base; path = Base.lproj/LaunchScreen.storyboard; sourceTree = "<group>"; };
		0795B477296160E9004D6625 /* Info.plist */ = {isa = PBXFileReference; lastKnownFileType = text.plist.xml; path = Info.plist; sourceTree = "<group>"; };
		0795B48429616CBC004D6625 /* RMLocation.swift */ = {isa = PBXFileReference; lastKnownFileType = sourcecode.swift; path = RMLocation.swift; sourceTree = "<group>"; };
		0795B48729616D01004D6625 /* RMCharacter.swift */ = {isa = PBXFileReference; lastKnownFileType = sourcecode.swift; path = RMCharacter.swift; sourceTree = "<group>"; };
		0795B48929616D13004D6625 /* RMEpisode.swift */ = {isa = PBXFileReference; lastKnownFileType = sourcecode.swift; path = RMEpisode.swift; sourceTree = "<group>"; };
		0795B48C29616FA4004D6625 /* RMCharacterViewController.swift */ = {isa = PBXFileReference; lastKnownFileType = sourcecode.swift; path = RMCharacterViewController.swift; sourceTree = "<group>"; };
		0795B48E29616FC1004D6625 /* RMLocationViewController.swift */ = {isa = PBXFileReference; lastKnownFileType = sourcecode.swift; path = RMLocationViewController.swift; sourceTree = "<group>"; };
		0795B49029616FE3004D6625 /* RMEpisodeViewController.swift */ = {isa = PBXFileReference; lastKnownFileType = sourcecode.swift; path = RMEpisodeViewController.swift; sourceTree = "<group>"; };
		0795B4922961701D004D6625 /* RMSettingsViewController.swift */ = {isa = PBXFileReference; lastKnownFileType = sourcecode.swift; path = RMSettingsViewController.swift; sourceTree = "<group>"; };
/* End PBXFileReference section */

/* Begin PBXFrameworksBuildPhase section */
		0795B463296160E2004D6625 /* Frameworks */ = {
			isa = PBXFrameworksBuildPhase;
			buildActionMask = 2147483647;
			files = (
			);
			runOnlyForDeploymentPostprocessing = 0;
		};
/* End PBXFrameworksBuildPhase section */

/* Begin PBXGroup section */
		0795B45D296160E2004D6625 = {
			isa = PBXGroup;
			children = (
				0795B468296160E2004D6625 /* RickAndMorty */,
				0795B467296160E2004D6625 /* Products */,
			);
			sourceTree = "<group>";
		};
		0795B467296160E2004D6625 /* Products */ = {
			isa = PBXGroup;
			children = (
				0795B466296160E2004D6625 /* RickAndMorty.app */,
			);
			name = Products;
			sourceTree = "<group>";
		};
		0795B468296160E2004D6625 /* RickAndMorty */ = {
			isa = PBXGroup;
			children = (
				0795B48329616A8C004D6625 /* Resources */,
				0795B48229616A0C004D6625 /* Managers */,
				0795B481296169EE004D6625 /* APIClient */,
				0795B480296169C5004D6625 /* ViewModels */,
				0795B47F29616973004D6625 /* Views */,
				0795B47E29616966004D6625 /* Models */,
				0795B47D29616955004D6625 /* Controllers */,
				0795B477296160E9004D6625 /* Info.plist */,
			);
			path = RickAndMorty;
			sourceTree = "<group>";
		};
		0795B47D29616955004D6625 /* Controllers */ = {
			isa = PBXGroup;
			children = (
				0795B48B29616F07004D6625 /* Core */,
			);
			path = Controllers;
			sourceTree = "<group>";
		};
		0795B47E29616966004D6625 /* Models */ = {
			isa = PBXGroup;
			children = (
				0795B48429616CBC004D6625 /* RMLocation.swift */,
				0795B48729616D01004D6625 /* RMCharacter.swift */,
				0795B48929616D13004D6625 /* RMEpisode.swift */,
				0780BC1B2963EBEB0064531F /* RMOrigin.swift */,
				0780BC1D2963ED360064531F /* RMSingleLocation.swift */,
				0780BC212963F1590064531F /* RMCharacterStatus.swift */,
				0780BC232963F20C0064531F /* RMCharacterGender.swift */,
			);
			path = Models;
			sourceTree = "<group>";
		};
		0795B47F29616973004D6625 /* Views */ = {
			isa = PBXGroup;
			children = (
			);
			path = Views;
			sourceTree = "<group>";
		};
		0795B480296169C5004D6625 /* ViewModels */ = {
			isa = PBXGroup;
			children = (
			);
			path = ViewModels;
			sourceTree = "<group>";
		};
		0795B481296169EE004D6625 /* APIClient */ = {
			isa = PBXGroup;
			children = (
				0780BC152962DFF10064531F /* RMService.swift */,
				0780BC172962E0F10064531F /* RMRequest.swift */,
				0780BC192962F1BD0064531F /* RMEndpoint.swift */,
			);
			path = APIClient;
			sourceTree = "<group>";
		};
		0795B48229616A0C004D6625 /* Managers */ = {
			isa = PBXGroup;
			children = (
			);
			path = Managers;
			sourceTree = "<group>";
		};
		0795B48329616A8C004D6625 /* Resources */ = {
			isa = PBXGroup;
			children = (
				0795B472296160E9004D6625 /* Assets.xcassets */,
				0795B474296160E9004D6625 /* LaunchScreen.storyboard */,
				0795B469296160E2004D6625 /* AppDelegate.swift */,
				0795B46B296160E2004D6625 /* SceneDelegate.swift */,
			);
			path = Resources;
			sourceTree = "<group>";
		};
		0795B48B29616F07004D6625 /* Core */ = {
			isa = PBXGroup;
			children = (
				0795B46D296160E2004D6625 /* RMTabBarController.swift */,
				0795B48C29616FA4004D6625 /* RMCharacterViewController.swift */,
				0795B48E29616FC1004D6625 /* RMLocationViewController.swift */,
				0795B49029616FE3004D6625 /* RMEpisodeViewController.swift */,
				0795B4922961701D004D6625 /* RMSettingsViewController.swift */,
			);
			path = Core;
			sourceTree = "<group>";
		};
/* End PBXGroup section */

/* Begin PBXNativeTarget section */
		0795B465296160E2004D6625 /* RickAndMorty */ = {
			isa = PBXNativeTarget;
			buildConfigurationList = 0795B47A296160E9004D6625 /* Build configuration list for PBXNativeTarget "RickAndMorty" */;
			buildPhases = (
				0795B462296160E2004D6625 /* Sources */,
				0795B463296160E2004D6625 /* Frameworks */,
				0795B464296160E2004D6625 /* Resources */,
			);
			buildRules = (
			);
			dependencies = (
			);
			name = RickAndMorty;
			productName = RickAndMorty;
			productReference = 0795B466296160E2004D6625 /* RickAndMorty.app */;
			productType = "com.apple.product-type.application";
		};
/* End PBXNativeTarget section */

/* Begin PBXProject section */
		0795B45E296160E2004D6625 /* Project object */ = {
			isa = PBXProject;
			attributes = {
				BuildIndependentTargetsInParallel = 1;
				LastSwiftUpdateCheck = 1420;
				LastUpgradeCheck = 1420;
				TargetAttributes = {
					0795B465296160E2004D6625 = {
						CreatedOnToolsVersion = 14.2;
					};
				};
			};
			buildConfigurationList = 0795B461296160E2004D6625 /* Build configuration list for PBXProject "RickAndMorty" */;
			compatibilityVersion = "Xcode 14.0";
			developmentRegion = en;
			hasScannedForEncodings = 0;
			knownRegions = (
				en,
				Base,
			);
			mainGroup = 0795B45D296160E2004D6625;
			productRefGroup = 0795B467296160E2004D6625 /* Products */;
			projectDirPath = "";
			projectRoot = "";
			targets = (
				0795B465296160E2004D6625 /* RickAndMorty */,
			);
		};
/* End PBXProject section */

/* Begin PBXResourcesBuildPhase section */
		0795B464296160E2004D6625 /* Resources */ = {
			isa = PBXResourcesBuildPhase;
			buildActionMask = 2147483647;
			files = (
				0795B476296160E9004D6625 /* LaunchScreen.storyboard in Resources */,
				0795B473296160E9004D6625 /* Assets.xcassets in Resources */,
			);
			runOnlyForDeploymentPostprocessing = 0;
		};
/* End PBXResourcesBuildPhase section */

/* Begin PBXSourcesBuildPhase section */
		0795B462296160E2004D6625 /* Sources */ = {
			isa = PBXSourcesBuildPhase;
			buildActionMask = 2147483647;
			files = (
				0780BC1C2963EBEB0064531F /* RMOrigin.swift in Sources */,
				0780BC1E2963ED360064531F /* RMSingleLocation.swift in Sources */,
				0780BC222963F1590064531F /* RMCharacterStatus.swift in Sources */,
				0780BC242963F20C0064531F /* RMCharacterGender.swift in Sources */,
				0795B48F29616FC1004D6625 /* RMLocationViewController.swift in Sources */,
				0795B48A29616D13004D6625 /* RMEpisode.swift in Sources */,
				0795B46E296160E2004D6625 /* RMTabBarController.swift in Sources */,
				0795B49129616FE3004D6625 /* RMEpisodeViewController.swift in Sources */,
				0795B46A296160E2004D6625 /* AppDelegate.swift in Sources */,
				0795B46C296160E2004D6625 /* SceneDelegate.swift in Sources */,
				0795B4932961701D004D6625 /* RMSettingsViewController.swift in Sources */,
				0780BC162962DFF10064531F /* RMService.swift in Sources */,
				0795B48529616CBC004D6625 /* RMLocation.swift in Sources */,
				0780BC1A2962F1BE0064531F /* RMEndpoint.swift in Sources */,
				0795B48829616D01004D6625 /* RMCharacter.swift in Sources */,
				0780BC182962E0F10064531F /* RMRequest.swift in Sources */,
				0795B48D29616FA4004D6625 /* RMCharacterViewController.swift in Sources */,
			);
			runOnlyForDeploymentPostprocessing = 0;
		};
/* End PBXSourcesBuildPhase section */

/* Begin PBXVariantGroup section */
		0795B474296160E9004D6625 /* LaunchScreen.storyboard */ = {
			isa = PBXVariantGroup;
			children = (
				0795B475296160E9004D6625 /* Base */,
			);
			name = LaunchScreen.storyboard;
			sourceTree = "<group>";
		};
/* End PBXVariantGroup section */

/* Begin XCBuildConfiguration section */
		0795B478296160E9004D6625 /* Debug */ = {
			isa = XCBuildConfiguration;
			buildSettings = {
				ALWAYS_SEARCH_USER_PATHS = NO;
				CLANG_ANALYZER_NONNULL = YES;
				CLANG_ANALYZER_NUMBER_OBJECT_CONVERSION = YES_AGGRESSIVE;
				CLANG_CXX_LANGUAGE_STANDARD = "gnu++20";
				CLANG_ENABLE_MODULES = YES;
				CLANG_ENABLE_OBJC_ARC = YES;
				CLANG_ENABLE_OBJC_WEAK = YES;
				CLANG_WARN_BLOCK_CAPTURE_AUTORELEASING = YES;
				CLANG_WARN_BOOL_CONVERSION = YES;
				CLANG_WARN_COMMA = YES;
				CLANG_WARN_CONSTANT_CONVERSION = YES;
				CLANG_WARN_DEPRECATED_OBJC_IMPLEMENTATIONS = YES;
				CLANG_WARN_DIRECT_OBJC_ISA_USAGE = YES_ERROR;
				CLANG_WARN_DOCUMENTATION_COMMENTS = YES;
				CLANG_WARN_EMPTY_BODY = YES;
				CLANG_WARN_ENUM_CONVERSION = YES;
				CLANG_WARN_INFINITE_RECURSION = YES;
				CLANG_WARN_INT_CONVERSION = YES;
				CLANG_WARN_NON_LITERAL_NULL_CONVERSION = YES;
				CLANG_WARN_OBJC_IMPLICIT_RETAIN_SELF = YES;
				CLANG_WARN_OBJC_LITERAL_CONVERSION = YES;
				CLANG_WARN_OBJC_ROOT_CLASS = YES_ERROR;
				CLANG_WARN_QUOTED_INCLUDE_IN_FRAMEWORK_HEADER = YES;
				CLANG_WARN_RANGE_LOOP_ANALYSIS = YES;
				CLANG_WARN_STRICT_PROTOTYPES = YES;
				CLANG_WARN_SUSPICIOUS_MOVE = YES;
				CLANG_WARN_UNGUARDED_AVAILABILITY = YES_AGGRESSIVE;
				CLANG_WARN_UNREACHABLE_CODE = YES;
				CLANG_WARN__DUPLICATE_METHOD_MATCH = YES;
				COPY_PHASE_STRIP = NO;
				DEBUG_INFORMATION_FORMAT = dwarf;
				ENABLE_STRICT_OBJC_MSGSEND = YES;
				ENABLE_TESTABILITY = YES;
				GCC_C_LANGUAGE_STANDARD = gnu11;
				GCC_DYNAMIC_NO_PIC = NO;
				GCC_NO_COMMON_BLOCKS = YES;
				GCC_OPTIMIZATION_LEVEL = 0;
				GCC_PREPROCESSOR_DEFINITIONS = (
					"DEBUG=1",
					"$(inherited)",
				);
				GCC_WARN_64_TO_32_BIT_CONVERSION = YES;
				GCC_WARN_ABOUT_RETURN_TYPE = YES_ERROR;
				GCC_WARN_UNDECLARED_SELECTOR = YES;
				GCC_WARN_UNINITIALIZED_AUTOS = YES_AGGRESSIVE;
				GCC_WARN_UNUSED_FUNCTION = YES;
				GCC_WARN_UNUSED_VARIABLE = YES;
				IPHONEOS_DEPLOYMENT_TARGET = 16.2;
				MTL_ENABLE_DEBUG_INFO = INCLUDE_SOURCE;
				MTL_FAST_MATH = YES;
				ONLY_ACTIVE_ARCH = YES;
				SDKROOT = iphoneos;
				SWIFT_ACTIVE_COMPILATION_CONDITIONS = DEBUG;
				SWIFT_OPTIMIZATION_LEVEL = "-Onone";
			};
			name = Debug;
		};
		0795B479296160E9004D6625 /* Release */ = {
			isa = XCBuildConfiguration;
			buildSettings = {
				ALWAYS_SEARCH_USER_PATHS = NO;
				CLANG_ANALYZER_NONNULL = YES;
				CLANG_ANALYZER_NUMBER_OBJECT_CONVERSION = YES_AGGRESSIVE;
				CLANG_CXX_LANGUAGE_STANDARD = "gnu++20";
				CLANG_ENABLE_MODULES = YES;
				CLANG_ENABLE_OBJC_ARC = YES;
				CLANG_ENABLE_OBJC_WEAK = YES;
				CLANG_WARN_BLOCK_CAPTURE_AUTORELEASING = YES;
				CLANG_WARN_BOOL_CONVERSION = YES;
				CLANG_WARN_COMMA = YES;
				CLANG_WARN_CONSTANT_CONVERSION = YES;
				CLANG_WARN_DEPRECATED_OBJC_IMPLEMENTATIONS = YES;
				CLANG_WARN_DIRECT_OBJC_ISA_USAGE = YES_ERROR;
				CLANG_WARN_DOCUMENTATION_COMMENTS = YES;
				CLANG_WARN_EMPTY_BODY = YES;
				CLANG_WARN_ENUM_CONVERSION = YES;
				CLANG_WARN_INFINITE_RECURSION = YES;
				CLANG_WARN_INT_CONVERSION = YES;
				CLANG_WARN_NON_LITERAL_NULL_CONVERSION = YES;
				CLANG_WARN_OBJC_IMPLICIT_RETAIN_SELF = YES;
				CLANG_WARN_OBJC_LITERAL_CONVERSION = YES;
				CLANG_WARN_OBJC_ROOT_CLASS = YES_ERROR;
				CLANG_WARN_QUOTED_INCLUDE_IN_FRAMEWORK_HEADER = YES;
				CLANG_WARN_RANGE_LOOP_ANALYSIS = YES;
				CLANG_WARN_STRICT_PROTOTYPES = YES;
				CLANG_WARN_SUSPICIOUS_MOVE = YES;
				CLANG_WARN_UNGUARDED_AVAILABILITY = YES_AGGRESSIVE;
				CLANG_WARN_UNREACHABLE_CODE = YES;
				CLANG_WARN__DUPLICATE_METHOD_MATCH = YES;
				COPY_PHASE_STRIP = NO;
				DEBUG_INFORMATION_FORMAT = "dwarf-with-dsym";
				ENABLE_NS_ASSERTIONS = NO;
				ENABLE_STRICT_OBJC_MSGSEND = YES;
				GCC_C_LANGUAGE_STANDARD = gnu11;
				GCC_NO_COMMON_BLOCKS = YES;
				GCC_WARN_64_TO_32_BIT_CONVERSION = YES;
				GCC_WARN_ABOUT_RETURN_TYPE = YES_ERROR;
				GCC_WARN_UNDECLARED_SELECTOR = YES;
				GCC_WARN_UNINITIALIZED_AUTOS = YES_AGGRESSIVE;
				GCC_WARN_UNUSED_FUNCTION = YES;
				GCC_WARN_UNUSED_VARIABLE = YES;
				IPHONEOS_DEPLOYMENT_TARGET = 16.2;
				MTL_ENABLE_DEBUG_INFO = NO;
				MTL_FAST_MATH = YES;
				SDKROOT = iphoneos;
				SWIFT_COMPILATION_MODE = wholemodule;
				SWIFT_OPTIMIZATION_LEVEL = "-O";
				VALIDATE_PRODUCT = YES;
			};
			name = Release;
		};
		0795B47B296160E9004D6625 /* Debug */ = {
			isa = XCBuildConfiguration;
			buildSettings = {
				ASSETCATALOG_COMPILER_APPICON_NAME = AppIcon;
				ASSETCATALOG_COMPILER_GLOBAL_ACCENT_COLOR_NAME = AccentColor;
				CODE_SIGN_STYLE = Automatic;
				CURRENT_PROJECT_VERSION = 1;
				GENERATE_INFOPLIST_FILE = YES;
				INFOPLIST_FILE = RickAndMorty/Info.plist;
				INFOPLIST_KEY_UIApplicationSupportsIndirectInputEvents = YES;
				INFOPLIST_KEY_UILaunchStoryboardName = LaunchScreen;
				INFOPLIST_KEY_UISupportedInterfaceOrientations_iPad = "UIInterfaceOrientationPortrait UIInterfaceOrientationPortraitUpsideDown UIInterfaceOrientationLandscapeLeft UIInterfaceOrientationLandscapeRight";
				INFOPLIST_KEY_UISupportedInterfaceOrientations_iPhone = "UIInterfaceOrientationPortrait UIInterfaceOrientationLandscapeLeft UIInterfaceOrientationLandscapeRight";
				LD_RUNPATH_SEARCH_PATHS = (
					"$(inherited)",
					"@executable_path/Frameworks",
				);
				MARKETING_VERSION = 1.0;
				PRODUCT_BUNDLE_IDENTIFIER = com.ubakangene.RickAndMorty;
				PRODUCT_NAME = "$(TARGET_NAME)";
				SWIFT_EMIT_LOC_STRINGS = YES;
				SWIFT_VERSION = 5.0;
				TARGETED_DEVICE_FAMILY = "1,2";
			};
			name = Debug;
		};
		0795B47C296160E9004D6625 /* Release */ = {
			isa = XCBuildConfiguration;
			buildSettings = {
				ASSETCATALOG_COMPILER_APPICON_NAME = AppIcon;
				ASSETCATALOG_COMPILER_GLOBAL_ACCENT_COLOR_NAME = AccentColor;
				CODE_SIGN_STYLE = Automatic;
				CURRENT_PROJECT_VERSION = 1;
				GENERATE_INFOPLIST_FILE = YES;
				INFOPLIST_FILE = RickAndMorty/Info.plist;
				INFOPLIST_KEY_UIApplicationSupportsIndirectInputEvents = YES;
				INFOPLIST_KEY_UILaunchStoryboardName = LaunchScreen;
				INFOPLIST_KEY_UISupportedInterfaceOrientations_iPad = "UIInterfaceOrientationPortrait UIInterfaceOrientationPortraitUpsideDown UIInterfaceOrientationLandscapeLeft UIInterfaceOrientationLandscapeRight";
				INFOPLIST_KEY_UISupportedInterfaceOrientations_iPhone = "UIInterfaceOrientationPortrait UIInterfaceOrientationLandscapeLeft UIInterfaceOrientationLandscapeRight";
				LD_RUNPATH_SEARCH_PATHS = (
					"$(inherited)",
					"@executable_path/Frameworks",
				);
				MARKETING_VERSION = 1.0;
				PRODUCT_BUNDLE_IDENTIFIER = com.ubakangene.RickAndMorty;
				PRODUCT_NAME = "$(TARGET_NAME)";
				SWIFT_EMIT_LOC_STRINGS = YES;
				SWIFT_VERSION = 5.0;
				TARGETED_DEVICE_FAMILY = "1,2";
			};
			name = Release;
		};
/* End XCBuildConfiguration section */

/* Begin XCConfigurationList section */
		0795B461296160E2004D6625 /* Build configuration list for PBXProject "RickAndMorty" */ = {
			isa = XCConfigurationList;
			buildConfigurations = (
				0795B478296160E9004D6625 /* Debug */,
				0795B479296160E9004D6625 /* Release */,
			);
			defaultConfigurationIsVisible = 0;
			defaultConfigurationName = Release;
		};
		0795B47A296160E9004D6625 /* Build configuration list for PBXNativeTarget "RickAndMorty" */ = {
			isa = XCConfigurationList;
			buildConfigurations = (
				0795B47B296160E9004D6625 /* Debug */,
				0795B47C296160E9004D6625 /* Release */,
			);
			defaultConfigurationIsVisible = 0;
			defaultConfigurationName = Release;
		};
/* End XCConfigurationList section */
	};
	rootObject = 0795B45E296160E2004D6625 /* Project object */;
}
